
Microsoft Visual Studio Solution File, Format Version 12.00
# Visual Studio Version 16
VisualStudioVersion = 16.0.28922.388
MinimumVisualStudioVersion = 10.0.40219.1
Project("{FAE04EC0-301F-11D3-BF4B-00C04F79EFBC}") = "Check_Writer_V2", "Check_Writer_V2.csproj", "{9057D3EB-BA77-4635-A251-6FFA25345B93}"
EndProject
Global
	GlobalSection(SolutionConfigurationPlatforms) = preSolution
		Debug|Any CPU = Debug|Any CPU
		Release|Any CPU = Release|Any CPU
	EndGlobalSection
	GlobalSection(ProjectConfigurationPlatforms) = postSolution
		{9057D3EB-BA77-4635-A251-6FFA25345B93}.Debug|Any CPU.ActiveCfg = Debug|Any CPU
		{9057D3EB-BA77-4635-A251-6FFA25345B93}.Debug|Any CPU.Build.0 = Debug|Any CPU
		{9057D3EB-BA77-4635-A251-6FFA25345B93}.Release|Any CPU.ActiveCfg = Release|Any CPU
		{9057D3EB-BA77-4635-A251-6FFA25345B93}.Release|Any CPU.Build.0 = Release|Any CPU
	EndGlobalSection
	GlobalSection(SolutionProperties) = preSolution
		HideSolutionNode = FALSE
	EndGlobalSection
	GlobalSection(ExtensibilityGlobals) = postSolution
		SolutionGuid = {F967ABCB-4221-42C2-BBA9-97B65DFBBBAE}
	EndGlobalSection
EndGlobal
